
Microsoft Visual Studio Solution File, Format Version 12.00
# Visual Studio Version 17
VisualStudioVersion = 17.2.32519.379
MinimumVisualStudioVersion = 10.0.40219.1
Project("{FAE04EC0-301F-11D3-BF4B-00C04F79EFBC}") = "MyCompany", "MyCompany\MyCompany.csproj", "{9191D395-27F3-47AA-B99F-81CCD88AABBD}"
EndProject
Global
	GlobalSection(SolutionConfigurationPlatforms) = preSolution
		Debug|Any CPU = Debug|Any CPU
		Release|Any CPU = Release|Any CPU
	EndGlobalSection
	GlobalSection(ProjectConfigurationPlatforms) = postSolution
		{9191D395-27F3-47AA-B99F-81CCD88AABBD}.Debug|Any CPU.ActiveCfg = Debug|Any CPU
		{9191D395-27F3-47AA-B99F-81CCD88AABBD}.Debug|Any CPU.Build.0 = Debug|Any CPU
		{9191D395-27F3-47AA-B99F-81CCD88AABBD}.Release|Any CPU.ActiveCfg = Release|Any CPU
		{9191D395-27F3-47AA-B99F-81CCD88AABBD}.Release|Any CPU.Build.0 = Release|Any CPU
	EndGlobalSection
	GlobalSection(SolutionProperties) = preSolution
		HideSolutionNode = FALSE
	EndGlobalSection
	GlobalSection(ExtensibilityGlobals) = postSolution
		SolutionGuid = {F82201DE-836F-4F88-8752-D51808FA988C}
	EndGlobalSection
EndGlobal
