
Microsoft Visual Studio Solution File, Format Version 12.00
# Visual Studio Version 17
VisualStudioVersion = 17.2.32519.379
MinimumVisualStudioVersion = 10.0.40219.1
Project("{9A19103F-16F7-4668-BE54-9A1E7A4F7556}") = "MyCompany", "MyCompany\MyCompany.csproj", "{9191D395-27F3-47AA-B99F-81CCD88AABBD}"
EndProject
Project("{2150E333-8FDC-42A3-9474-1A3956D46DE8}") = "Solution Items", "Solution Items", "{AA19D6E7-9A07-49C2-A1FD-A3E624CA5096}"
	ProjectSection(SolutionItems) = preProject
		.editorconfig = .editorconfig
	EndProjectSection
EndProject
Global
	GlobalSection(SolutionConfigurationPlatforms) = preSolution
		Debug|Any CPU = Debug|Any CPU
		Release|Any CPU = Release|Any CPU
	EndGlobalSection
	GlobalSection(ProjectConfigurationPlatforms) = postSolution
		{9191D395-27F3-47AA-B99F-81CCD88AABBD}.Debug|Any CPU.ActiveCfg = Debug|Any CPU
		{9191D395-27F3-47AA-B99F-81CCD88AABBD}.Debug|Any CPU.Build.0 = Debug|Any CPU
		{9191D395-27F3-47AA-B99F-81CCD88AABBD}.Release|Any CPU.ActiveCfg = Release|Any CPU
		{9191D395-27F3-47AA-B99F-81CCD88AABBD}.Release|Any CPU.Build.0 = Release|Any CPU
	EndGlobalSection
	GlobalSection(SolutionProperties) = preSolution
		HideSolutionNode = FALSE
	EndGlobalSection
	GlobalSection(ExtensibilityGlobals) = postSolution
		SolutionGuid = {F82201DE-836F-4F88-8752-D51808FA988C}
	EndGlobalSection
EndGlobal
