
Microsoft Visual Studio Solution File, Format Version 12.00
# Visual Studio Version 17
VisualStudioVersion = 17.2.32630.192
MinimumVisualStudioVersion = 10.0.40219.1
Project("{FAE04EC0-301F-11D3-BF4B-00C04F79EFBC}") = "BWW", "BWW\BWW.csproj", "{300824DA-7B4D-42C9-AD99-895FCD22F683}"
EndProject
Global
	GlobalSection(SolutionConfigurationPlatforms) = preSolution
		Debug|Any CPU = Debug|Any CPU
		Release|Any CPU = Release|Any CPU
	EndGlobalSection
	GlobalSection(ProjectConfigurationPlatforms) = postSolution
		{300824DA-7B4D-42C9-AD99-895FCD22F683}.Debug|Any CPU.ActiveCfg = Debug|Any CPU
		{300824DA-7B4D-42C9-AD99-895FCD22F683}.Debug|Any CPU.Build.0 = Debug|Any CPU
		{300824DA-7B4D-42C9-AD99-895FCD22F683}.Release|Any CPU.ActiveCfg = Release|Any CPU
		{300824DA-7B4D-42C9-AD99-895FCD22F683}.Release|Any CPU.Build.0 = Release|Any CPU
	EndGlobalSection
	GlobalSection(SolutionProperties) = preSolution
		HideSolutionNode = FALSE
	EndGlobalSection
	GlobalSection(ExtensibilityGlobals) = postSolution
		SolutionGuid = {2DBF5F9C-C8E8-49F1-87F0-258E006C0C00}
	EndGlobalSection
EndGlobal
