
Microsoft Visual Studio Solution File, Format Version 12.00
# Visual Studio Version 17
VisualStudioVersion = 17.2.32519.379
MinimumVisualStudioVersion = 10.0.40219.1
Project("{FAE04EC0-301F-11D3-BF4B-00C04F79EFBC}") = "Pract2", "Pract2\Pract2.csproj", "{D780F32E-F292-41ED-BB62-B4BB9C6878D4}"
EndProject
Global
	GlobalSection(SolutionConfigurationPlatforms) = preSolution
		Debug|Any CPU = Debug|Any CPU
		Release|Any CPU = Release|Any CPU
	EndGlobalSection
	GlobalSection(ProjectConfigurationPlatforms) = postSolution
		{D780F32E-F292-41ED-BB62-B4BB9C6878D4}.Debug|Any CPU.ActiveCfg = Debug|Any CPU
		{D780F32E-F292-41ED-BB62-B4BB9C6878D4}.Debug|Any CPU.Build.0 = Debug|Any CPU
		{D780F32E-F292-41ED-BB62-B4BB9C6878D4}.Release|Any CPU.ActiveCfg = Release|Any CPU
		{D780F32E-F292-41ED-BB62-B4BB9C6878D4}.Release|Any CPU.Build.0 = Release|Any CPU
	EndGlobalSection
	GlobalSection(SolutionProperties) = preSolution
		HideSolutionNode = FALSE
	EndGlobalSection
	GlobalSection(ExtensibilityGlobals) = postSolution
		SolutionGuid = {33C75C6A-2497-48A8-86F9-BE49A925537D}
	EndGlobalSection
EndGlobal
