
Microsoft Visual Studio Solution File, Format Version 12.00
# Visual Studio Version 17
VisualStudioVersion = 17.2.32630.192
MinimumVisualStudioVersion = 10.0.40219.1
Project("{FAE04EC0-301F-11D3-BF4B-00C04F79EFBC}") = "CarLoanAPI", "CarLoanAPI\CarLoanAPI.csproj", "{77A2FB17-19FC-4679-AE3B-3AFA90954C50}"
EndProject
Global
	GlobalSection(SolutionConfigurationPlatforms) = preSolution
		Debug|Any CPU = Debug|Any CPU
		Release|Any CPU = Release|Any CPU
	EndGlobalSection
	GlobalSection(ProjectConfigurationPlatforms) = postSolution
		{77A2FB17-19FC-4679-AE3B-3AFA90954C50}.Debug|Any CPU.ActiveCfg = Debug|Any CPU
		{77A2FB17-19FC-4679-AE3B-3AFA90954C50}.Debug|Any CPU.Build.0 = Debug|Any CPU
		{77A2FB17-19FC-4679-AE3B-3AFA90954C50}.Release|Any CPU.ActiveCfg = Release|Any CPU
		{77A2FB17-19FC-4679-AE3B-3AFA90954C50}.Release|Any CPU.Build.0 = Release|Any CPU
	EndGlobalSection
	GlobalSection(SolutionProperties) = preSolution
		HideSolutionNode = FALSE
	EndGlobalSection
	GlobalSection(ExtensibilityGlobals) = postSolution
		SolutionGuid = {6A946116-7A28-461F-90DE-AEADF0E3B7F1}
	EndGlobalSection
EndGlobal
